# This file is automatically @generated by Cargo.
# It is not intended for manual editing.
version = 3

[[package]]
name = "card"
version = "0.1.0"

[[package]]
name = "mana"
version = "0.1.0"

[[package]]
name = "mtg-pet-simulator"
version = "0.1.0"
dependencies = [
 "card",
 "simulate",
]

[[package]]
name = "permanent"
version = "0.1.0"
dependencies = [
 "card",
]

[[package]]
name = "simulate"
version = "0.1.0"
dependencies = [
 "card",
 "mana",
 "permanent",
]
